// !$*UTF8*$!
{
	archiveVersion = 1;
	classes = {
	};
	objectVersion = 56;
	objects = {

/* Begin PBXBuildFile section */
		9D802A792B2B692C00920DDB /* LocationSearchService.swift in Sources */ = {isa = PBXBuildFile; fileRef = 9D802A782B2B692C00920DDB /* LocationSearchService.swift */; };
		9D9673612B1DCBE200DF3CE9 /* LocationManager.swift in Sources */ = {isa = PBXBuildFile; fileRef = 9D9673602B1DCBE200DF3CE9 /* LocationManager.swift */; };
		9DB76FB82B0768FF00605B57 /* DondeGasApp.swift in Sources */ = {isa = PBXBuildFile; fileRef = 9DB76FB72B0768FF00605B57 /* DondeGasApp.swift */; };
		9DB76FBE2B07690100605B57 /* Assets.xcassets in Resources */ = {isa = PBXBuildFile; fileRef = 9DB76FBD2B07690100605B57 /* Assets.xcassets */; };
		9DB76FC12B07690100605B57 /* Preview Assets.xcassets in Resources */ = {isa = PBXBuildFile; fileRef = 9DB76FC02B07690100605B57 /* Preview Assets.xcassets */; };
		9DB76FCB2B076DA500605B57 /* DondeGasViewModel.swift in Sources */ = {isa = PBXBuildFile; fileRef = 9DB76FCA2B076DA500605B57 /* DondeGasViewModel.swift */; };
		9DB76FCD2B07729E00605B57 /* GasStation.swift in Sources */ = {isa = PBXBuildFile; fileRef = 9DB76FCC2B07729E00605B57 /* GasStation.swift */; };
		9DDBA77E2B3DAFE4003BC682 /* Localizable.xcstrings in Resources */ = {isa = PBXBuildFile; fileRef = 9DDBA77D2B3DAFE4003BC682 /* Localizable.xcstrings */; };
/* End PBXBuildFile section */

/* Begin PBXFileReference section */
		9D802A782B2B692C00920DDB /* LocationSearchService.swift */ = {isa = PBXFileReference; lastKnownFileType = sourcecode.swift; path = LocationSearchService.swift; sourceTree = "<group>"; };
		9D9673602B1DCBE200DF3CE9 /* LocationManager.swift */ = {isa = PBXFileReference; lastKnownFileType = sourcecode.swift; path = LocationManager.swift; sourceTree = "<group>"; };
		9DB76FB42B0768FF00605B57 /* DondeGas.app */ = {isa = PBXFileReference; explicitFileType = wrapper.application; includeInIndex = 0; path = DondeGas.app; sourceTree = BUILT_PRODUCTS_DIR; };
		9DB76FB72B0768FF00605B57 /* DondeGasApp.swift */ = {isa = PBXFileReference; lastKnownFileType = sourcecode.swift; path = DondeGasApp.swift; sourceTree = "<group>"; };
		9DB76FBD2B07690100605B57 /* Assets.xcassets */ = {isa = PBXFileReference; lastKnownFileType = folder.assetcatalog; path = Assets.xcassets; sourceTree = "<group>"; };
		9DB76FC02B07690100605B57 /* Preview Assets.xcassets */ = {isa = PBXFileReference; lastKnownFileType = folder.assetcatalog; path = "Preview Assets.xcassets"; sourceTree = "<group>"; };
		9DB76FCA2B076DA500605B57 /* DondeGasViewModel.swift */ = {isa = PBXFileReference; lastKnownFileType = sourcecode.swift; path = DondeGasViewModel.swift; sourceTree = "<group>"; };
		9DB76FCC2B07729E00605B57 /* GasStation.swift */ = {isa = PBXFileReference; lastKnownFileType = sourcecode.swift; path = GasStation.swift; sourceTree = "<group>"; };
		9DDBA77D2B3DAFE4003BC682 /* Localizable.xcstrings */ = {isa = PBXFileReference; lastKnownFileType = text.json.xcstrings; path = Localizable.xcstrings; sourceTree = "<group>"; };
		9DDF8DC22B3B612400B7F913 /* Info.plist */ = {isa = PBXFileReference; lastKnownFileType = text.plist; path = Info.plist; sourceTree = "<group>"; };
/* End PBXFileReference section */

/* Begin PBXFrameworksBuildPhase section */
		9DB76FB12B0768FF00605B57 /* Frameworks */ = {
			isa = PBXFrameworksBuildPhase;
			buildActionMask = 2147483647;
			files = (
			);
			runOnlyForDeploymentPostprocessing = 0;
		};
/* End PBXFrameworksBuildPhase section */

/* Begin PBXGroup section */
		9DB76FAB2B0768FF00605B57 = {
			isa = PBXGroup;
			children = (
				9DDBA77D2B3DAFE4003BC682 /* Localizable.xcstrings */,
				9DB76FB62B0768FF00605B57 /* DondeGas */,
				9DB76FB52B0768FF00605B57 /* Products */,
			);
			sourceTree = "<group>";
		};
		9DB76FB52B0768FF00605B57 /* Products */ = {
			isa = PBXGroup;
			children = (
				9DB76FB42B0768FF00605B57 /* DondeGas.app */,
			);
			name = Products;
			sourceTree = "<group>";
		};
		9DB76FB62B0768FF00605B57 /* DondeGas */ = {
			isa = PBXGroup;
			children = (
				9DDF8DC22B3B612400B7F913 /* Info.plist */,
				9DB76FC92B076D0F00605B57 /* viewmodel */,
				9DB76FC82B076D0800605B57 /* view */,
				9DB76FC72B076CFD00605B57 /* model */,
				9DB76FB72B0768FF00605B57 /* DondeGasApp.swift */,
				9DB76FBD2B07690100605B57 /* Assets.xcassets */,
				9DB76FBF2B07690100605B57 /* Preview Content */,
				9D9673602B1DCBE200DF3CE9 /* LocationManager.swift */,
				9D802A782B2B692C00920DDB /* LocationSearchService.swift */,
			);
			path = DondeGas;
			sourceTree = "<group>";
		};
		9DB76FBF2B07690100605B57 /* Preview Content */ = {
			isa = PBXGroup;
			children = (
				9DB76FC02B07690100605B57 /* Preview Assets.xcassets */,
			);
			path = "Preview Content";
			sourceTree = "<group>";
		};
		9DB76FC72B076CFD00605B57 /* model */ = {
			isa = PBXGroup;
			children = (
				9DB76FCC2B07729E00605B57 /* GasStation.swift */,
			);
			path = model;
			sourceTree = "<group>";
		};
		9DB76FC82B076D0800605B57 /* view */ = {
			isa = PBXGroup;
			children = (
				9DB76FCA2B076DA500605B57 /* DondeGasViewModel.swift */,
			);
			path = view;
			sourceTree = "<group>";
		};
		9DB76FC92B076D0F00605B57 /* viewmodel */ = {
			isa = PBXGroup;
			children = (
			);
			path = viewmodel;
			sourceTree = "<group>";
		};
/* End PBXGroup section */

/* Begin PBXNativeTarget section */
		9DB76FB32B0768FF00605B57 /* DondeGas */ = {
			isa = PBXNativeTarget;
			buildConfigurationList = 9DB76FC42B07690100605B57 /* Build configuration list for PBXNativeTarget "DondeGas" */;
			buildPhases = (
				9DB76FB02B0768FF00605B57 /* Sources */,
				9DB76FB12B0768FF00605B57 /* Frameworks */,
				9DB76FB22B0768FF00605B57 /* Resources */,
			);
			buildRules = (
			);
			dependencies = (
			);
			name = DondeGas;
			productName = DondeGas;
			productReference = 9DB76FB42B0768FF00605B57 /* DondeGas.app */;
			productType = "com.apple.product-type.application";
		};
/* End PBXNativeTarget section */

/* Begin PBXProject section */
		9DB76FAC2B0768FF00605B57 /* Project object */ = {
			isa = PBXProject;
			attributes = {
				BuildIndependentTargetsInParallel = 1;
				LastSwiftUpdateCheck = 1500;
				LastUpgradeCheck = 1500;
				TargetAttributes = {
					9DB76FB32B0768FF00605B57 = {
						CreatedOnToolsVersion = 15.0.1;
					};
				};
			};
			buildConfigurationList = 9DB76FAF2B0768FF00605B57 /* Build configuration list for PBXProject "DondeGas" */;
			compatibilityVersion = "Xcode 14.0";
			developmentRegion = es;
			hasScannedForEncodings = 0;
			knownRegions = (
				en,
				es,
				Base,
				ca,
				gl,
				"eu-ES",
			);
			mainGroup = 9DB76FAB2B0768FF00605B57;
			productRefGroup = 9DB76FB52B0768FF00605B57 /* Products */;
			projectDirPath = "";
			projectRoot = "";
			targets = (
				9DB76FB32B0768FF00605B57 /* DondeGas */,
			);
		};
/* End PBXProject section */

/* Begin PBXResourcesBuildPhase section */
		9DB76FB22B0768FF00605B57 /* Resources */ = {
			isa = PBXResourcesBuildPhase;
			buildActionMask = 2147483647;
			files = (
				9DB76FC12B07690100605B57 /* Preview Assets.xcassets in Resources */,
				9DB76FBE2B07690100605B57 /* Assets.xcassets in Resources */,
				9DDBA77E2B3DAFE4003BC682 /* Localizable.xcstrings in Resources */,
			);
			runOnlyForDeploymentPostprocessing = 0;
		};
/* End PBXResourcesBuildPhase section */

/* Begin PBXSourcesBuildPhase section */
		9DB76FB02B0768FF00605B57 /* Sources */ = {
			isa = PBXSourcesBuildPhase;
			buildActionMask = 2147483647;
			files = (
				9D802A792B2B692C00920DDB /* LocationSearchService.swift in Sources */,
				9D9673612B1DCBE200DF3CE9 /* LocationManager.swift in Sources */,
				9DB76FB82B0768FF00605B57 /* DondeGasApp.swift in Sources */,
				9DB76FCD2B07729E00605B57 /* GasStation.swift in Sources */,
				9DB76FCB2B076DA500605B57 /* DondeGasViewModel.swift in Sources */,
			);
			runOnlyForDeploymentPostprocessing = 0;
		};
/* End PBXSourcesBuildPhase section */

/* Begin XCBuildConfiguration section */
		9DB76FC22B07690100605B57 /* Debug */ = {
			isa = XCBuildConfiguration;
			buildSettings = {
				ALWAYS_SEARCH_USER_PATHS = NO;
				ASSETCATALOG_COMPILER_GENERATE_SWIFT_ASSET_SYMBOL_EXTENSIONS = YES;
				CLANG_ANALYZER_NONNULL = YES;
				CLANG_ANALYZER_NUMBER_OBJECT_CONVERSION = YES_AGGRESSIVE;
				CLANG_CXX_LANGUAGE_STANDARD = "gnu++20";
				CLANG_ENABLE_MODULES = YES;
				CLANG_ENABLE_OBJC_ARC = YES;
				CLANG_ENABLE_OBJC_WEAK = YES;
				CLANG_WARN_BLOCK_CAPTURE_AUTORELEASING = YES;
				CLANG_WARN_BOOL_CONVERSION = YES;
				CLANG_WARN_COMMA = YES;
				CLANG_WARN_CONSTANT_CONVERSION = YES;
				CLANG_WARN_DEPRECATED_OBJC_IMPLEMENTATIONS = YES;
				CLANG_WARN_DIRECT_OBJC_ISA_USAGE = YES_ERROR;
				CLANG_WARN_DOCUMENTATION_COMMENTS = YES;
				CLANG_WARN_EMPTY_BODY = YES;
				CLANG_WARN_ENUM_CONVERSION = YES;
				CLANG_WARN_INFINITE_RECURSION = YES;
				CLANG_WARN_INT_CONVERSION = YES;
				CLANG_WARN_NON_LITERAL_NULL_CONVERSION = YES;
				CLANG_WARN_OBJC_IMPLICIT_RETAIN_SELF = YES;
				CLANG_WARN_OBJC_LITERAL_CONVERSION = YES;
				CLANG_WARN_OBJC_ROOT_CLASS = YES_ERROR;
				CLANG_WARN_QUOTED_INCLUDE_IN_FRAMEWORK_HEADER = YES;
				CLANG_WARN_RANGE_LOOP_ANALYSIS = YES;
				CLANG_WARN_STRICT_PROTOTYPES = YES;
				CLANG_WARN_SUSPICIOUS_MOVE = YES;
				CLANG_WARN_UNGUARDED_AVAILABILITY = YES_AGGRESSIVE;
				CLANG_WARN_UNREACHABLE_CODE = YES;
				CLANG_WARN__DUPLICATE_METHOD_MATCH = YES;
				COPY_PHASE_STRIP = NO;
				DEBUG_INFORMATION_FORMAT = dwarf;
				ENABLE_STRICT_OBJC_MSGSEND = YES;
				ENABLE_TESTABILITY = YES;
				ENABLE_USER_SCRIPT_SANDBOXING = YES;
				GCC_C_LANGUAGE_STANDARD = gnu17;
				GCC_DYNAMIC_NO_PIC = NO;
				GCC_NO_COMMON_BLOCKS = YES;
				GCC_OPTIMIZATION_LEVEL = 0;
				GCC_PREPROCESSOR_DEFINITIONS = (
					"DEBUG=1",
					"$(inherited)",
				);
				GCC_WARN_64_TO_32_BIT_CONVERSION = YES;
				GCC_WARN_ABOUT_RETURN_TYPE = YES_ERROR;
				GCC_WARN_UNDECLARED_SELECTOR = YES;
				GCC_WARN_UNINITIALIZED_AUTOS = YES_AGGRESSIVE;
				GCC_WARN_UNUSED_FUNCTION = YES;
				GCC_WARN_UNUSED_VARIABLE = YES;
				IPHONEOS_DEPLOYMENT_TARGET = 17.0;
				LOCALIZATION_PREFERS_STRING_CATALOGS = YES;
				MTL_ENABLE_DEBUG_INFO = INCLUDE_SOURCE;
				MTL_FAST_MATH = YES;
				ONLY_ACTIVE_ARCH = YES;
				SDKROOT = iphoneos;
				SWIFT_ACTIVE_COMPILATION_CONDITIONS = "DEBUG $(inherited)";
				SWIFT_EMIT_LOC_STRINGS = YES;
				SWIFT_OPTIMIZATION_LEVEL = "-Onone";
			};
			name = Debug;
		};
		9DB76FC32B07690100605B57 /* Release */ = {
			isa = XCBuildConfiguration;
			buildSettings = {
				ALWAYS_SEARCH_USER_PATHS = NO;
				ASSETCATALOG_COMPILER_GENERATE_SWIFT_ASSET_SYMBOL_EXTENSIONS = YES;
				CLANG_ANALYZER_NONNULL = YES;
				CLANG_ANALYZER_NUMBER_OBJECT_CONVERSION = YES_AGGRESSIVE;
				CLANG_CXX_LANGUAGE_STANDARD = "gnu++20";
				CLANG_ENABLE_MODULES = YES;
				CLANG_ENABLE_OBJC_ARC = YES;
				CLANG_ENABLE_OBJC_WEAK = YES;
				CLANG_WARN_BLOCK_CAPTURE_AUTORELEASING = YES;
				CLANG_WARN_BOOL_CONVERSION = YES;
				CLANG_WARN_COMMA = YES;
				CLANG_WARN_CONSTANT_CONVERSION = YES;
				CLANG_WARN_DEPRECATED_OBJC_IMPLEMENTATIONS = YES;
				CLANG_WARN_DIRECT_OBJC_ISA_USAGE = YES_ERROR;
				CLANG_WARN_DOCUMENTATION_COMMENTS = YES;
				CLANG_WARN_EMPTY_BODY = YES;
				CLANG_WARN_ENUM_CONVERSION = YES;
				CLANG_WARN_INFINITE_RECURSION = YES;
				CLANG_WARN_INT_CONVERSION = YES;
				CLANG_WARN_NON_LITERAL_NULL_CONVERSION = YES;
				CLANG_WARN_OBJC_IMPLICIT_RETAIN_SELF = YES;
				CLANG_WARN_OBJC_LITERAL_CONVERSION = YES;
				CLANG_WARN_OBJC_ROOT_CLASS = YES_ERROR;
				CLANG_WARN_QUOTED_INCLUDE_IN_FRAMEWORK_HEADER = YES;
				CLANG_WARN_RANGE_LOOP_ANALYSIS = YES;
				CLANG_WARN_STRICT_PROTOTYPES = YES;
				CLANG_WARN_SUSPICIOUS_MOVE = YES;
				CLANG_WARN_UNGUARDED_AVAILABILITY = YES_AGGRESSIVE;
				CLANG_WARN_UNREACHABLE_CODE = YES;
				CLANG_WARN__DUPLICATE_METHOD_MATCH = YES;
				COPY_PHASE_STRIP = NO;
				DEBUG_INFORMATION_FORMAT = "dwarf-with-dsym";
				ENABLE_NS_ASSERTIONS = NO;
				ENABLE_STRICT_OBJC_MSGSEND = YES;
				ENABLE_USER_SCRIPT_SANDBOXING = YES;
				GCC_C_LANGUAGE_STANDARD = gnu17;
				GCC_NO_COMMON_BLOCKS = YES;
				GCC_WARN_64_TO_32_BIT_CONVERSION = YES;
				GCC_WARN_ABOUT_RETURN_TYPE = YES_ERROR;
				GCC_WARN_UNDECLARED_SELECTOR = YES;
				GCC_WARN_UNINITIALIZED_AUTOS = YES_AGGRESSIVE;
				GCC_WARN_UNUSED_FUNCTION = YES;
				GCC_WARN_UNUSED_VARIABLE = YES;
				IPHONEOS_DEPLOYMENT_TARGET = 17.0;
				LOCALIZATION_PREFERS_STRING_CATALOGS = YES;
				MTL_ENABLE_DEBUG_INFO = NO;
				MTL_FAST_MATH = YES;
				SDKROOT = iphoneos;
				SWIFT_COMPILATION_MODE = wholemodule;
				SWIFT_EMIT_LOC_STRINGS = YES;
				VALIDATE_PRODUCT = YES;
			};
			name = Release;
		};
		9DB76FC52B07690100605B57 /* Debug */ = {
			isa = XCBuildConfiguration;
			buildSettings = {
				ASSETCATALOG_COMPILER_APPICON_NAME = AppIcon;
				ASSETCATALOG_COMPILER_GLOBAL_ACCENT_COLOR_NAME = AccentColor;
				CODE_SIGN_STYLE = Automatic;
				CURRENT_PROJECT_VERSION = 1;
				DEVELOPMENT_ASSET_PATHS = "\"DondeGas/Preview Content\"";
				ENABLE_PREVIEWS = YES;
				GENERATE_INFOPLIST_FILE = YES;
				INFOPLIST_FILE = DondeGas/Info.plist;
				INFOPLIST_KEY_NSLocationWhenInUseUsageDescription = "Usamos tu ubicación para ofrecerte las estaciones de servicio más próximas.";
				INFOPLIST_KEY_UIApplicationSceneManifest_Generation = YES;
				INFOPLIST_KEY_UIApplicationSupportsIndirectInputEvents = YES;
				INFOPLIST_KEY_UILaunchScreen_Generation = YES;
				INFOPLIST_KEY_UIStatusBarStyle = "";
				INFOPLIST_KEY_UISupportedInterfaceOrientations = UIInterfaceOrientationPortrait;
				INFOPLIST_KEY_UISupportedInterfaceOrientations_iPad = "UIInterfaceOrientationPortrait UIInterfaceOrientationPortraitUpsideDown";
				LD_RUNPATH_SEARCH_PATHS = (
					"$(inherited)",
					"@executable_path/Frameworks",
				);
				MARKETING_VERSION = 1.0;
				PRODUCT_BUNDLE_IDENTIFIER = sfrejom.es.DondeGas;
				PRODUCT_NAME = "$(TARGET_NAME)";
				SWIFT_EMIT_LOC_STRINGS = YES;
				SWIFT_VERSION = 5.0;
				TARGETED_DEVICE_FAMILY = "1,2";
			};
			name = Debug;
		};
		9DB76FC62B07690100605B57 /* Release */ = {
			isa = XCBuildConfiguration;
			buildSettings = {
				ASSETCATALOG_COMPILER_APPICON_NAME = AppIcon;
				ASSETCATALOG_COMPILER_GLOBAL_ACCENT_COLOR_NAME = AccentColor;
				CODE_SIGN_STYLE = Automatic;
				CURRENT_PROJECT_VERSION = 1;
				DEVELOPMENT_ASSET_PATHS = "\"DondeGas/Preview Content\"";
				ENABLE_PREVIEWS = YES;
				GENERATE_INFOPLIST_FILE = YES;
				INFOPLIST_FILE = DondeGas/Info.plist;
				INFOPLIST_KEY_NSLocationWhenInUseUsageDescription = "Usamos tu ubicación para ofrecerte las estaciones de servicio más próximas.";
				INFOPLIST_KEY_UIApplicationSceneManifest_Generation = YES;
				INFOPLIST_KEY_UIApplicationSupportsIndirectInputEvents = YES;
				INFOPLIST_KEY_UILaunchScreen_Generation = YES;
				INFOPLIST_KEY_UIStatusBarStyle = "";
				INFOPLIST_KEY_UISupportedInterfaceOrientations = UIInterfaceOrientationPortrait;
				INFOPLIST_KEY_UISupportedInterfaceOrientations_iPad = "UIInterfaceOrientationPortrait UIInterfaceOrientationPortraitUpsideDown";
				LD_RUNPATH_SEARCH_PATHS = (
					"$(inherited)",
					"@executable_path/Frameworks",
				);
				MARKETING_VERSION = 1.0;
				PRODUCT_BUNDLE_IDENTIFIER = sfrejom.es.DondeGas;
				PRODUCT_NAME = "$(TARGET_NAME)";
				SWIFT_EMIT_LOC_STRINGS = YES;
				SWIFT_VERSION = 5.0;
				TARGETED_DEVICE_FAMILY = "1,2";
			};
			name = Release;
		};
/* End XCBuildConfiguration section */

/* Begin XCConfigurationList section */
		9DB76FAF2B0768FF00605B57 /* Build configuration list for PBXProject "DondeGas" */ = {
			isa = XCConfigurationList;
			buildConfigurations = (
				9DB76FC22B07690100605B57 /* Debug */,
				9DB76FC32B07690100605B57 /* Release */,
			);
			defaultConfigurationIsVisible = 0;
			defaultConfigurationName = Release;
		};
		9DB76FC42B07690100605B57 /* Build configuration list for PBXNativeTarget "DondeGas" */ = {
			isa = XCConfigurationList;
			buildConfigurations = (
				9DB76FC52B07690100605B57 /* Debug */,
				9DB76FC62B07690100605B57 /* Release */,
			);
			defaultConfigurationIsVisible = 0;
			defaultConfigurationName = Release;
		};
/* End XCConfigurationList section */
	};
	rootObject = 9DB76FAC2B0768FF00605B57 /* Project object */;
}
